// !$*UTF8*$!
{
	archiveVersion = 1;
	classes = {
	};
	objectVersion = 46;
	objects = {

/* Begin PBXBuildFile section */
		091E24711EC9E1BD008E7697 /* QMOptionViewController.swift in Sources */ = {isa = PBXBuildFile; fileRef = 091E24701EC9E1BD008E7697 /* QMOptionViewController.swift */; };
		091E24731EC9F267008E7697 /* QMHelpViewController.swift in Sources */ = {isa = PBXBuildFile; fileRef = 091E24721EC9F267008E7697 /* QMHelpViewController.swift */; };
		091E24751ECA0BAD008E7697 /* QMGameBGM.mp3 in Resources */ = {isa = PBXBuildFile; fileRef = 091E24741ECA0BAD008E7697 /* QMGameBGM.mp3 */; };
		091E53FA1ECAD4710054D446 /* MQGameViewController.swift in Sources */ = {isa = PBXBuildFile; fileRef = 091E53F91ECAD4710054D446 /* MQGameViewController.swift */; };
		091E53FC1ECAE2A10054D446 /* MQGameBGM.mp3 in Resources */ = {isa = PBXBuildFile; fileRef = 091E53FB1ECAE2A10054D446 /* MQGameBGM.mp3 */; };
		095874E11ECD2124004316EF /* MQHelpViewController.swift in Sources */ = {isa = PBXBuildFile; fileRef = 095874E01ECD2124004316EF /* MQHelpViewController.swift */; };
		09DDE5A81EC2FA95005509F4 /* AboutViewController.swift in Sources */ = {isa = PBXBuildFile; fileRef = 09DDE5A71EC2FA95005509F4 /* AboutViewController.swift */; };
		09DDE5AA1EC32592005509F4 /* QuickMathsViewController.swift in Sources */ = {isa = PBXBuildFile; fileRef = 09DDE5A91EC32592005509F4 /* QuickMathsViewController.swift */; };
		09DDE5AC1EC342CE005509F4 /* QMGameViewController.swift in Sources */ = {isa = PBXBuildFile; fileRef = 09DDE5AB1EC342CE005509F4 /* QMGameViewController.swift */; };
		09F4930D1EB25E230087E31B /* AppDelegate.swift in Sources */ = {isa = PBXBuildFile; fileRef = 09F4930C1EB25E230087E31B /* AppDelegate.swift */; };
		09F4930F1EB25E230087E31B /* ViewController.swift in Sources */ = {isa = PBXBuildFile; fileRef = 09F4930E1EB25E230087E31B /* ViewController.swift */; };
		09F493121EB25E230087E31B /* Main.storyboard in Resources */ = {isa = PBXBuildFile; fileRef = 09F493101EB25E230087E31B /* Main.storyboard */; };
		09F493141EB25E230087E31B /* Assets.xcassets in Resources */ = {isa = PBXBuildFile; fileRef = 09F493131EB25E230087E31B /* Assets.xcassets */; };
		09F493171EB25E230087E31B /* LaunchScreen.storyboard in Resources */ = {isa = PBXBuildFile; fileRef = 09F493151EB25E230087E31B /* LaunchScreen.storyboard */; };
/* End PBXBuildFile section */

/* Begin PBXFileReference section */
		091E24701EC9E1BD008E7697 /* QMOptionViewController.swift */ = {isa = PBXFileReference; fileEncoding = 4; lastKnownFileType = sourcecode.swift; path = QMOptionViewController.swift; sourceTree = "<group>"; };
		091E24721EC9F267008E7697 /* QMHelpViewController.swift */ = {isa = PBXFileReference; fileEncoding = 4; lastKnownFileType = sourcecode.swift; path = QMHelpViewController.swift; sourceTree = "<group>"; };
		091E24741ECA0BAD008E7697 /* QMGameBGM.mp3 */ = {isa = PBXFileReference; lastKnownFileType = audio.mp3; path = QMGameBGM.mp3; sourceTree = "<group>"; };
		091E53F91ECAD4710054D446 /* MQGameViewController.swift */ = {isa = PBXFileReference; fileEncoding = 4; lastKnownFileType = sourcecode.swift; path = MQGameViewController.swift; sourceTree = "<group>"; };
		091E53FB1ECAE2A10054D446 /* MQGameBGM.mp3 */ = {isa = PBXFileReference; lastKnownFileType = audio.mp3; path = MQGameBGM.mp3; sourceTree = "<group>"; };
		095874E01ECD2124004316EF /* MQHelpViewController.swift */ = {isa = PBXFileReference; fileEncoding = 4; lastKnownFileType = sourcecode.swift; path = MQHelpViewController.swift; sourceTree = "<group>"; };
		09DDE5A71EC2FA95005509F4 /* AboutViewController.swift */ = {isa = PBXFileReference; fileEncoding = 4; lastKnownFileType = sourcecode.swift; path = AboutViewController.swift; sourceTree = "<group>"; };
		09DDE5A91EC32592005509F4 /* QuickMathsViewController.swift */ = {isa = PBXFileReference; fileEncoding = 4; lastKnownFileType = sourcecode.swift; path = QuickMathsViewController.swift; sourceTree = "<group>"; };
		09DDE5AB1EC342CE005509F4 /* QMGameViewController.swift */ = {isa = PBXFileReference; fileEncoding = 4; lastKnownFileType = sourcecode.swift; path = QMGameViewController.swift; sourceTree = "<group>"; };
		09F493091EB25E230087E31B /* SIT206_Ass2_Maths_Game_Tianyu_Li.app */ = {isa = PBXFileReference; explicitFileType = wrapper.application; includeInIndex = 0; path = SIT206_Ass2_Maths_Game_Tianyu_Li.app; sourceTree = BUILT_PRODUCTS_DIR; };
		09F4930C1EB25E230087E31B /* AppDelegate.swift */ = {isa = PBXFileReference; lastKnownFileType = sourcecode.swift; path = AppDelegate.swift; sourceTree = "<group>"; };
		09F4930E1EB25E230087E31B /* ViewController.swift */ = {isa = PBXFileReference; lastKnownFileType = sourcecode.swift; path = ViewController.swift; sourceTree = "<group>"; };
		09F493111EB25E230087E31B /* Base */ = {isa = PBXFileReference; lastKnownFileType = file.storyboard; name = Base; path = Base.lproj/Main.storyboard; sourceTree = "<group>"; };
		09F493131EB25E230087E31B /* Assets.xcassets */ = {isa = PBXFileReference; lastKnownFileType = folder.assetcatalog; path = Assets.xcassets; sourceTree = "<group>"; };
		09F493161EB25E230087E31B /* Base */ = {isa = PBXFileReference; lastKnownFileType = file.storyboard; name = Base; path = Base.lproj/LaunchScreen.storyboard; sourceTree = "<group>"; };
		09F493181EB25E230087E31B /* Info.plist */ = {isa = PBXFileReference; lastKnownFileType = text.plist.xml; path = Info.plist; sourceTree = "<group>"; };
/* End PBXFileReference section */

/* Begin PBXFrameworksBuildPhase section */
		09F493061EB25E230087E31B /* Frameworks */ = {
			isa = PBXFrameworksBuildPhase;
			buildActionMask = 2147483647;
			files = (
			);
			runOnlyForDeploymentPostprocessing = 0;
		};
/* End PBXFrameworksBuildPhase section */

/* Begin PBXGroup section */
		09F493001EB25E230087E31B = {
			isa = PBXGroup;
			children = (
				095874E01ECD2124004316EF /* MQHelpViewController.swift */,
				091E53F91ECAD4710054D446 /* MQGameViewController.swift */,
				091E24721EC9F267008E7697 /* QMHelpViewController.swift */,
				091E24701EC9E1BD008E7697 /* QMOptionViewController.swift */,
				09DDE5AB1EC342CE005509F4 /* QMGameViewController.swift */,
				09DDE5A91EC32592005509F4 /* QuickMathsViewController.swift */,
				09DDE5A71EC2FA95005509F4 /* AboutViewController.swift */,
				09F4930B1EB25E230087E31B /* SIT206_Ass2_Maths_Game_Tianyu_Li */,
				09F4930A1EB25E230087E31B /* Products */,
				091E24741ECA0BAD008E7697 /* QMGameBGM.mp3 */,
				091E53FB1ECAE2A10054D446 /* MQGameBGM.mp3 */,
			);
			sourceTree = "<group>";
		};
		09F4930A1EB25E230087E31B /* Products */ = {
			isa = PBXGroup;
			children = (
				09F493091EB25E230087E31B /* SIT206_Ass2_Maths_Game_Tianyu_Li.app */,
			);
			name = Products;
			sourceTree = "<group>";
		};
		09F4930B1EB25E230087E31B /* SIT206_Ass2_Maths_Game_Tianyu_Li */ = {
			isa = PBXGroup;
			children = (
				09F4930C1EB25E230087E31B /* AppDelegate.swift */,
				09F4930E1EB25E230087E31B /* ViewController.swift */,
				09F493101EB25E230087E31B /* Main.storyboard */,
				09F493131EB25E230087E31B /* Assets.xcassets */,
				09F493151EB25E230087E31B /* LaunchScreen.storyboard */,
				09F493181EB25E230087E31B /* Info.plist */,
			);
			path = SIT206_Ass2_Maths_Game_Tianyu_Li;
			sourceTree = "<group>";
		};
/* End PBXGroup section */

/* Begin PBXNativeTarget section */
		09F493081EB25E230087E31B /* SIT206_Ass2_Maths_Game_Tianyu_Li */ = {
			isa = PBXNativeTarget;
			buildConfigurationList = 09F4931B1EB25E230087E31B /* Build configuration list for PBXNativeTarget "SIT206_Ass2_Maths_Game_Tianyu_Li" */;
			buildPhases = (
				09F493051EB25E230087E31B /* Sources */,
				09F493061EB25E230087E31B /* Frameworks */,
				09F493071EB25E230087E31B /* Resources */,
			);
			buildRules = (
			);
			dependencies = (
			);
			name = SIT206_Ass2_Maths_Game_Tianyu_Li;
			productName = SIT206_Ass2_Maths_Game_Tianyu_Li;
			productReference = 09F493091EB25E230087E31B /* SIT206_Ass2_Maths_Game_Tianyu_Li.app */;
			productType = "com.apple.product-type.application";
		};
/* End PBXNativeTarget section */

/* Begin PBXProject section */
		09F493011EB25E230087E31B /* Project object */ = {
			isa = PBXProject;
			attributes = {
				LastSwiftUpdateCheck = 0830;
				LastUpgradeCheck = 0830;
				ORGANIZATIONNAME = Deakin;
				TargetAttributes = {
					09F493081EB25E230087E31B = {
						CreatedOnToolsVersion = 8.3.2;
						ProvisioningStyle = Automatic;
					};
				};
			};
			buildConfigurationList = 09F493041EB25E230087E31B /* Build configuration list for PBXProject "SIT206_Ass2_Maths_Game_Tianyu_Li" */;
			compatibilityVersion = "Xcode 3.2";
			developmentRegion = English;
			hasScannedForEncodings = 0;
			knownRegions = (
				en,
				Base,
			);
			mainGroup = 09F493001EB25E230087E31B;
			productRefGroup = 09F4930A1EB25E230087E31B /* Products */;
			projectDirPath = "";
			projectRoot = "";
			targets = (
				09F493081EB25E230087E31B /* SIT206_Ass2_Maths_Game_Tianyu_Li */,
			);
		};
/* End PBXProject section */

/* Begin PBXResourcesBuildPhase section */
		09F493071EB25E230087E31B /* Resources */ = {
			isa = PBXResourcesBuildPhase;
			buildActionMask = 2147483647;
			files = (
				09F493171EB25E230087E31B /* LaunchScreen.storyboard in Resources */,
				091E24751ECA0BAD008E7697 /* QMGameBGM.mp3 in Resources */,
				09F493141EB25E230087E31B /* Assets.xcassets in Resources */,
				09F493121EB25E230087E31B /* Main.storyboard in Resources */,
				091E53FC1ECAE2A10054D446 /* MQGameBGM.mp3 in Resources */,
			);
			runOnlyForDeploymentPostprocessing = 0;
		};
/* End PBXResourcesBuildPhase section */

/* Begin PBXSourcesBuildPhase section */
		09F493051EB25E230087E31B /* Sources */ = {
			isa = PBXSourcesBuildPhase;
			buildActionMask = 2147483647;
			files = (
				09DDE5A81EC2FA95005509F4 /* AboutViewController.swift in Sources */,
				095874E11ECD2124004316EF /* MQHelpViewController.swift in Sources */,
				091E24711EC9E1BD008E7697 /* QMOptionViewController.swift in Sources */,
				09F4930F1EB25E230087E31B /* ViewController.swift in Sources */,
				09DDE5AA1EC32592005509F4 /* QuickMathsViewController.swift in Sources */,
				091E53FA1ECAD4710054D446 /* MQGameViewController.swift in Sources */,
				09F4930D1EB25E230087E31B /* AppDelegate.swift in Sources */,
				091E24731EC9F267008E7697 /* QMHelpViewController.swift in Sources */,
				09DDE5AC1EC342CE005509F4 /* QMGameViewController.swift in Sources */,
			);
			runOnlyForDeploymentPostprocessing = 0;
		};
/* End PBXSourcesBuildPhase section */

/* Begin PBXVariantGroup section */
		09F493101EB25E230087E31B /* Main.storyboard */ = {
			isa = PBXVariantGroup;
			children = (
				09F493111EB25E230087E31B /* Base */,
			);
			name = Main.storyboard;
			sourceTree = "<group>";
		};
		09F493151EB25E230087E31B /* LaunchScreen.storyboard */ = {
			isa = PBXVariantGroup;
			children = (
				09F493161EB25E230087E31B /* Base */,
			);
			name = LaunchScreen.storyboard;
			sourceTree = "<group>";
		};
/* End PBXVariantGroup section */

/* Begin XCBuildConfiguration section */
		09F493191EB25E230087E31B /* Debug */ = {
			isa = XCBuildConfiguration;
			buildSettings = {
				ALWAYS_SEARCH_USER_PATHS = NO;
				CLANG_ANALYZER_NONNULL = YES;
				CLANG_ANALYZER_NUMBER_OBJECT_CONVERSION = YES_AGGRESSIVE;
				CLANG_CXX_LANGUAGE_STANDARD = "gnu++0x";
				CLANG_CXX_LIBRARY = "libc++";
				CLANG_ENABLE_MODULES = YES;
				CLANG_ENABLE_OBJC_ARC = YES;
				CLANG_WARN_BOOL_CONVERSION = YES;
				CLANG_WARN_CONSTANT_CONVERSION = YES;
				CLANG_WARN_DIRECT_OBJC_ISA_USAGE = YES_ERROR;
				CLANG_WARN_DOCUMENTATION_COMMENTS = YES;
				CLANG_WARN_EMPTY_BODY = YES;
				CLANG_WARN_ENUM_CONVERSION = YES;
				CLANG_WARN_INFINITE_RECURSION = YES;
				CLANG_WARN_INT_CONVERSION = YES;
				CLANG_WARN_OBJC_ROOT_CLASS = YES_ERROR;
				CLANG_WARN_SUSPICIOUS_MOVE = YES;
				CLANG_WARN_UNREACHABLE_CODE = YES;
				CLANG_WARN__DUPLICATE_METHOD_MATCH = YES;
				"CODE_SIGN_IDENTITY[sdk=iphoneos*]" = "iPhone Developer";
				COPY_PHASE_STRIP = NO;
				DEBUG_INFORMATION_FORMAT = dwarf;
				ENABLE_STRICT_OBJC_MSGSEND = YES;
				ENABLE_TESTABILITY = YES;
				GCC_C_LANGUAGE_STANDARD = gnu99;
				GCC_DYNAMIC_NO_PIC = NO;
				GCC_NO_COMMON_BLOCKS = YES;
				GCC_OPTIMIZATION_LEVEL = 0;
				GCC_PREPROCESSOR_DEFINITIONS = (
					"DEBUG=1",
					"$(inherited)",
				);
				GCC_WARN_64_TO_32_BIT_CONVERSION = YES;
				GCC_WARN_ABOUT_RETURN_TYPE = YES_ERROR;
				GCC_WARN_UNDECLARED_SELECTOR = YES;
				GCC_WARN_UNINITIALIZED_AUTOS = YES_AGGRESSIVE;
				GCC_WARN_UNUSED_FUNCTION = YES;
				GCC_WARN_UNUSED_VARIABLE = YES;
				IPHONEOS_DEPLOYMENT_TARGET = 10.3;
				MTL_ENABLE_DEBUG_INFO = YES;
				ONLY_ACTIVE_ARCH = YES;
				SDKROOT = iphoneos;
				SWIFT_ACTIVE_COMPILATION_CONDITIONS = DEBUG;
				SWIFT_OPTIMIZATION_LEVEL = "-Onone";
				TARGETED_DEVICE_FAMILY = "1,2";
			};
			name = Debug;
		};
		09F4931A1EB25E230087E31B /* Release */ = {
			isa = XCBuildConfiguration;
			buildSettings = {
				ALWAYS_SEARCH_USER_PATHS = NO;
				CLANG_ANALYZER_NONNULL = YES;
				CLANG_ANALYZER_NUMBER_OBJECT_CONVERSION = YES_AGGRESSIVE;
				CLANG_CXX_LANGUAGE_STANDARD = "gnu++0x";
				CLANG_CXX_LIBRARY = "libc++";
				CLANG_ENABLE_MODULES = YES;
				CLANG_ENABLE_OBJC_ARC = YES;
				CLANG_WARN_BOOL_CONVERSION = YES;
				CLANG_WARN_CONSTANT_CONVERSION = YES;
				CLANG_WARN_DIRECT_OBJC_ISA_USAGE = YES_ERROR;
				CLANG_WARN_DOCUMENTATION_COMMENTS = YES;
				CLANG_WARN_EMPTY_BODY = YES;
				CLANG_WARN_ENUM_CONVERSION = YES;
				CLANG_WARN_INFINITE_RECURSION = YES;
				CLANG_WARN_INT_CONVERSION = YES;
				CLANG_WARN_OBJC_ROOT_CLASS = YES_ERROR;
				CLANG_WARN_SUSPICIOUS_MOVE = YES;
				CLANG_WARN_UNREACHABLE_CODE = YES;
				CLANG_WARN__DUPLICATE_METHOD_MATCH = YES;
				"CODE_SIGN_IDENTITY[sdk=iphoneos*]" = "iPhone Developer";
				COPY_PHASE_STRIP = NO;
				DEBUG_INFORMATION_FORMAT = "dwarf-with-dsym";
				ENABLE_NS_ASSERTIONS = NO;
				ENABLE_STRICT_OBJC_MSGSEND = YES;
				GCC_C_LANGUAGE_STANDARD = gnu99;
				GCC_NO_COMMON_BLOCKS = YES;
				GCC_WARN_64_TO_32_BIT_CONVERSION = YES;
				GCC_WARN_ABOUT_RETURN_TYPE = YES_ERROR;
				GCC_WARN_UNDECLARED_SELECTOR = YES;
				GCC_WARN_UNINITIALIZED_AUTOS = YES_AGGRESSIVE;
				GCC_WARN_UNUSED_FUNCTION = YES;
				GCC_WARN_UNUSED_VARIABLE = YES;
				IPHONEOS_DEPLOYMENT_TARGET = 10.3;
				MTL_ENABLE_DEBUG_INFO = NO;
				SDKROOT = iphoneos;
				SWIFT_OPTIMIZATION_LEVEL = "-Owholemodule";
				TARGETED_DEVICE_FAMILY = "1,2";
				VALIDATE_PRODUCT = YES;
			};
			name = Release;
		};
		09F4931C1EB25E230087E31B /* Debug */ = {
			isa = XCBuildConfiguration;
			buildSettings = {
				ASSETCATALOG_COMPILER_APPICON_NAME = AppIcon;
				INFOPLIST_FILE = SIT206_Ass2_Maths_Game_Tianyu_Li/Info.plist;
				LD_RUNPATH_SEARCH_PATHS = "$(inherited) @executable_path/Frameworks";
				PRODUCT_BUNDLE_IDENTIFIER = "Deakin.SIT206-Ass2-Maths-Game-Tianyu-Li";
				PRODUCT_NAME = "$(TARGET_NAME)";
				SWIFT_VERSION = 3.0;
			};
			name = Debug;
		};
		09F4931D1EB25E230087E31B /* Release */ = {
			isa = XCBuildConfiguration;
			buildSettings = {
				ASSETCATALOG_COMPILER_APPICON_NAME = AppIcon;
				INFOPLIST_FILE = SIT206_Ass2_Maths_Game_Tianyu_Li/Info.plist;
				LD_RUNPATH_SEARCH_PATHS = "$(inherited) @executable_path/Frameworks";
				PRODUCT_BUNDLE_IDENTIFIER = "Deakin.SIT206-Ass2-Maths-Game-Tianyu-Li";
				PRODUCT_NAME = "$(TARGET_NAME)";
				SWIFT_VERSION = 3.0;
			};
			name = Release;
		};
/* End XCBuildConfiguration section */

/* Begin XCConfigurationList section */
		09F493041EB25E230087E31B /* Build configuration list for PBXProject "SIT206_Ass2_Maths_Game_Tianyu_Li" */ = {
			isa = XCConfigurationList;
			buildConfigurations = (
				09F493191EB25E230087E31B /* Debug */,
				09F4931A1EB25E230087E31B /* Release */,
			);
			defaultConfigurationIsVisible = 0;
			defaultConfigurationName = Release;
		};
		09F4931B1EB25E230087E31B /* Build configuration list for PBXNativeTarget "SIT206_Ass2_Maths_Game_Tianyu_Li" */ = {
			isa = XCConfigurationList;
			buildConfigurations = (
				09F4931C1EB25E230087E31B /* Debug */,
				09F4931D1EB25E230087E31B /* Release */,
			);
			defaultConfigurationIsVisible = 0;
			defaultConfigurationName = Release;
		};
/* End XCConfigurationList section */
	};
	rootObject = 09F493011EB25E230087E31B /* Project object */;
}
